Microsoft Visual Studio Solution File, Format Version 11.00
# Visual Studio 2008

Project("{62D3EE41-7C1E-67AB-2BBE-EB74F87FA538}") = "Final-Game", "Assembly-CSharp.csproj", "{320CA8BD-6E0D-1349-1DF8-D99486560078}"
EndProject
Global
	GlobalSection(SolutionConfigurationPlatforms) = preSolution
		Debug|Any CPU = Debug|Any CPU
		Release|Any CPU = Release|Any CPU
	EndGlobalSection
	GlobalSection(ProjectConfigurationPlatforms) = postSolution
		{320CA8BD-6E0D-1349-1DF8-D99486560078}.Debug|Any CPU.ActiveCfg = Debug|Any CPU
		{320CA8BD-6E0D-1349-1DF8-D99486560078}.Debug|Any CPU.Build.0 = Debug|Any CPU
		{320CA8BD-6E0D-1349-1DF8-D99486560078}.Release|Any CPU.ActiveCfg = Release|Any CPU
		{320CA8BD-6E0D-1349-1DF8-D99486560078}.Release|Any CPU.Build.0 = Release|Any CPU
	EndGlobalSection
	GlobalSection(SolutionProperties) = preSolution
		HideSolutionNode = FALSE
	EndGlobalSection
	GlobalSection(MonoDevelopProperties) = preSolution
		StartupItem = Assembly-CSharp.csproj
	EndGlobalSection
EndGlobal
